
Microsoft Visual Studio Solution File, Format Version 12.00
# Visual Studio Version 16
VisualStudioVersion = 16.0.29613.14
MinimumVisualStudioVersion = 10.0.40219.1
Project("{FAE04EC0-301F-11D3-BF4B-00C04F79EFBC}") = "Portable Edge (Chromium) Updater", "Portable Edge (Chromium) Updater.csproj", "{C92E7FEF-585A-46F0-B081-BC896F4A954B}"
EndProject
Project("{2150E333-8FDC-42A3-9474-1A3956D46DE8}") = "Launcher", "Launcher", "{740C5202-8AD2-6D86-0CA9-F95B1A2D697C}"
EndProject
Project("{FAE04EC0-301F-11D3-BF4B-00C04F79EFBC}") = "Edge Beta x64 Launcher", "Launcher\Edge Beta x64 Launcher\Edge Beta x64 Launcher.csproj", "{0B96DB3E-4FBD-4D7A-8C9A-F3777A3CA334}"
EndProject
Project("{FAE04EC0-301F-11D3-BF4B-00C04F79EFBC}") = "Edge Beta x86 Launcher", "Launcher\Edge Beta x86 Launcher\Edge Beta x86 Launcher.csproj", "{B6E1A734-EB38-4626-97A9-108AFB18F605}"
EndProject
Project("{FAE04EC0-301F-11D3-BF4B-00C04F79EFBC}") = "Edge Canary x64 Launcher", "Launcher\Edge Canary x64 Launcher\Edge Canary x64 Launcher.csproj", "{5F189AA5-9D67-4B51-8708-F3074A125042}"
EndProject
Project("{FAE04EC0-301F-11D3-BF4B-00C04F79EFBC}") = "Edge Canary x86 Launcher", "Launcher\Edge Canary x86 Launcher\Edge Canary x86 Launcher.csproj", "{C5529E88-5C07-4659-B235-BDACF82627E0}"
EndProject
Project("{FAE04EC0-301F-11D3-BF4B-00C04F79EFBC}") = "Edge Dev x64 Launcher", "Launcher\Edge Dev x64 Launcher\Edge Dev x64 Launcher.csproj", "{DB4731C2-2C38-409E-AD6B-F71E0D4353A9}"
EndProject
Project("{FAE04EC0-301F-11D3-BF4B-00C04F79EFBC}") = "Edge Dev x86 Launcher", "Launcher\Edge Dev x86 Launcher\Edge Dev x86 Launcher.csproj", "{34170C45-743E-4F9E-AC20-9C998EA775FA}"
EndProject
Project("{FAE04EC0-301F-11D3-BF4B-00C04F79EFBC}") = "Edge Launcher", "Launcher\Edge Launcher\Edge Launcher.csproj", "{2F7B7998-DC77-4109-BF57-BA6D3395D5BA}"
EndProject
Project("{FAE04EC0-301F-11D3-BF4B-00C04F79EFBC}") = "Edge Stable x64 Launcher", "Launcher\Edge Stable x64 Launcher\Edge Stable x64 Launcher.csproj", "{8A4DB414-D97C-4D6D-918B-329F1BA7B643}"
EndProject
Project("{FAE04EC0-301F-11D3-BF4B-00C04F79EFBC}") = "Edge Stable x86 Launcher", "Launcher\Edge Stable x86 Launcher\Edge Stable x86 Launcher.csproj", "{C7BFA3AA-FD21-474C-89AF-C41988A1921D}"
EndProject
Global
	GlobalSection(SolutionConfigurationPlatforms) = preSolution
		Debug|Any CPU = Debug|Any CPU
		Debug|x64 = Debug|x64
		Debug|x86 = Debug|x86
		Release|Any CPU = Release|Any CPU
		Release|x64 = Release|x64
		Release|x86 = Release|x86
	EndGlobalSection
	GlobalSection(ProjectConfigurationPlatforms) = postSolution
		{C92E7FEF-585A-46F0-B081-BC896F4A954B}.Debug|Any CPU.ActiveCfg = Debug|Any CPU
		{C92E7FEF-585A-46F0-B081-BC896F4A954B}.Debug|Any CPU.Build.0 = Debug|Any CPU
		{C92E7FEF-585A-46F0-B081-BC896F4A954B}.Debug|x64.ActiveCfg = Debug|Any CPU
		{C92E7FEF-585A-46F0-B081-BC896F4A954B}.Debug|x64.Build.0 = Debug|Any CPU
		{C92E7FEF-585A-46F0-B081-BC896F4A954B}.Debug|x86.ActiveCfg = Debug|Any CPU
		{C92E7FEF-585A-46F0-B081-BC896F4A954B}.Debug|x86.Build.0 = Debug|Any CPU
		{C92E7FEF-585A-46F0-B081-BC896F4A954B}.Release|Any CPU.ActiveCfg = Release|Any CPU
		{C92E7FEF-585A-46F0-B081-BC896F4A954B}.Release|Any CPU.Build.0 = Release|Any CPU
		{C92E7FEF-585A-46F0-B081-BC896F4A954B}.Release|x64.ActiveCfg = Release|Any CPU
		{C92E7FEF-585A-46F0-B081-BC896F4A954B}.Release|x64.Build.0 = Release|Any CPU
		{C92E7FEF-585A-46F0-B081-BC896F4A954B}.Release|x86.ActiveCfg = Release|Any CPU
		{C92E7FEF-585A-46F0-B081-BC896F4A954B}.Release|x86.Build.0 = Release|Any CPU
		{0B96DB3E-4FBD-4D7A-8C9A-F3777A3CA334}.Debug|Any CPU.ActiveCfg = Debug|Any CPU
		{0B96DB3E-4FBD-4D7A-8C9A-F3777A3CA334}.Debug|Any CPU.Build.0 = Debug|Any CPU
		{0B96DB3E-4FBD-4D7A-8C9A-F3777A3CA334}.Debug|x64.ActiveCfg = Debug|Any CPU
		{0B96DB3E-4FBD-4D7A-8C9A-F3777A3CA334}.Debug|x64.Build.0 = Debug|Any CPU
		{0B96DB3E-4FBD-4D7A-8C9A-F3777A3CA334}.Debug|x86.ActiveCfg = Debug|Any CPU
		{0B96DB3E-4FBD-4D7A-8C9A-F3777A3CA334}.Debug|x86.Build.0 = Debug|Any CPU
		{0B96DB3E-4FBD-4D7A-8C9A-F3777A3CA334}.Release|Any CPU.ActiveCfg = Release|Any CPU
		{0B96DB3E-4FBD-4D7A-8C9A-F3777A3CA334}.Release|Any CPU.Build.0 = Release|Any CPU
		{0B96DB3E-4FBD-4D7A-8C9A-F3777A3CA334}.Release|x64.ActiveCfg = Release|Any CPU
		{0B96DB3E-4FBD-4D7A-8C9A-F3777A3CA334}.Release|x64.Build.0 = Release|Any CPU
		{0B96DB3E-4FBD-4D7A-8C9A-F3777A3CA334}.Release|x86.ActiveCfg = Release|Any CPU
		{0B96DB3E-4FBD-4D7A-8C9A-F3777A3CA334}.Release|x86.Build.0 = Release|Any CPU
		{B6E1A734-EB38-4626-97A9-108AFB18F605}.Debug|Any CPU.ActiveCfg = Debug|Any CPU
		{B6E1A734-EB38-4626-97A9-108AFB18F605}.Debug|Any CPU.Build.0 = Debug|Any CPU
		{B6E1A734-EB38-4626-97A9-108AFB18F605}.Debug|x64.ActiveCfg = Debug|Any CPU
		{B6E1A734-EB38-4626-97A9-108AFB18F605}.Debug|x64.Build.0 = Debug|Any CPU
		{B6E1A734-EB38-4626-97A9-108AFB18F605}.Debug|x86.ActiveCfg = Debug|Any CPU
		{B6E1A734-EB38-4626-97A9-108AFB18F605}.Debug|x86.Build.0 = Debug|Any CPU
		{B6E1A734-EB38-4626-97A9-108AFB18F605}.Release|Any CPU.ActiveCfg = Release|Any CPU
		{B6E1A734-EB38-4626-97A9-108AFB18F605}.Release|Any CPU.Build.0 = Release|Any CPU
		{B6E1A734-EB38-4626-97A9-108AFB18F605}.Release|x64.ActiveCfg = Release|Any CPU
		{B6E1A734-EB38-4626-97A9-108AFB18F605}.Release|x64.Build.0 = Release|Any CPU
		{B6E1A734-EB38-4626-97A9-108AFB18F605}.Release|x86.ActiveCfg = Release|Any CPU
		{B6E1A734-EB38-4626-97A9-108AFB18F605}.Release|x86.Build.0 = Release|Any CPU
		{5F189AA5-9D67-4B51-8708-F3074A125042}.Debug|Any CPU.ActiveCfg = Debug|Any CPU
		{5F189AA5-9D67-4B51-8708-F3074A125042}.Debug|Any CPU.Build.0 = Debug|Any CPU
		{5F189AA5-9D67-4B51-8708-F3074A125042}.Debug|x64.ActiveCfg = Debug|Any CPU
		{5F189AA5-9D67-4B51-8708-F3074A125042}.Debug|x64.Build.0 = Debug|Any CPU
		{5F189AA5-9D67-4B51-8708-F3074A125042}.Debug|x86.ActiveCfg = Debug|Any CPU
		{5F189AA5-9D67-4B51-8708-F3074A125042}.Debug|x86.Build.0 = Debug|Any CPU
		{5F189AA5-9D67-4B51-8708-F3074A125042}.Release|Any CPU.ActiveCfg = Release|Any CPU
		{5F189AA5-9D67-4B51-8708-F3074A125042}.Release|Any CPU.Build.0 = Release|Any CPU
		{5F189AA5-9D67-4B51-8708-F3074A125042}.Release|x64.ActiveCfg = Release|Any CPU
		{5F189AA5-9D67-4B51-8708-F3074A125042}.Release|x64.Build.0 = Release|Any CPU
		{5F189AA5-9D67-4B51-8708-F3074A125042}.Release|x86.ActiveCfg = Release|Any CPU
		{5F189AA5-9D67-4B51-8708-F3074A125042}.Release|x86.Build.0 = Release|Any CPU
		{C5529E88-5C07-4659-B235-BDACF82627E0}.Debug|Any CPU.ActiveCfg = Debug|Any CPU
		{C5529E88-5C07-4659-B235-BDACF82627E0}.Debug|Any CPU.Build.0 = Debug|Any CPU
		{C5529E88-5C07-4659-B235-BDACF82627E0}.Debug|x64.ActiveCfg = Debug|Any CPU
		{C5529E88-5C07-4659-B235-BDACF82627E0}.Debug|x64.Build.0 = Debug|Any CPU
		{C5529E88-5C07-4659-B235-BDACF82627E0}.Debug|x86.ActiveCfg = Debug|Any CPU
		{C5529E88-5C07-4659-B235-BDACF82627E0}.Debug|x86.Build.0 = Debug|Any CPU
		{C5529E88-5C07-4659-B235-BDACF82627E0}.Release|Any CPU.ActiveCfg = Release|Any CPU
		{C5529E88-5C07-4659-B235-BDACF82627E0}.Release|Any CPU.Build.0 = Release|Any CPU
		{C5529E88-5C07-4659-B235-BDACF82627E0}.Release|x64.ActiveCfg = Release|Any CPU
		{C5529E88-5C07-4659-B235-BDACF82627E0}.Release|x64.Build.0 = Release|Any CPU
		{C5529E88-5C07-4659-B235-BDACF82627E0}.Release|x86.ActiveCfg = Release|Any CPU
		{C5529E88-5C07-4659-B235-BDACF82627E0}.Release|x86.Build.0 = Release|Any CPU
		{DB4731C2-2C38-409E-AD6B-F71E0D4353A9}.Debug|Any CPU.ActiveCfg = Debug|Any CPU
		{DB4731C2-2C38-409E-AD6B-F71E0D4353A9}.Debug|Any CPU.Build.0 = Debug|Any CPU
		{DB4731C2-2C38-409E-AD6B-F71E0D4353A9}.Debug|x64.ActiveCfg = Debug|Any CPU
		{DB4731C2-2C38-409E-AD6B-F71E0D4353A9}.Debug|x64.Build.0 = Debug|Any CPU
		{DB4731C2-2C38-409E-AD6B-F71E0D4353A9}.Debug|x86.ActiveCfg = Debug|Any CPU
		{DB4731C2-2C38-409E-AD6B-F71E0D4353A9}.Debug|x86.Build.0 = Debug|Any CPU
		{DB4731C2-2C38-409E-AD6B-F71E0D4353A9}.Release|Any CPU.ActiveCfg = Release|Any CPU
		{DB4731C2-2C38-409E-AD6B-F71E0D4353A9}.Release|Any CPU.Build.0 = Release|Any CPU
		{DB4731C2-2C38-409E-AD6B-F71E0D4353A9}.Release|x64.ActiveCfg = Release|Any CPU
		{DB4731C2-2C38-409E-AD6B-F71E0D4353A9}.Release|x64.Build.0 = Release|Any CPU
		{DB4731C2-2C38-409E-AD6B-F71E0D4353A9}.Release|x86.ActiveCfg = Release|Any CPU
		{DB4731C2-2C38-409E-AD6B-F71E0D4353A9}.Release|x86.Build.0 = Release|Any CPU
		{34170C45-743E-4F9E-AC20-9C998EA775FA}.Debug|Any CPU.ActiveCfg = Debug|Any CPU
		{34170C45-743E-4F9E-AC20-9C998EA775FA}.Debug|Any CPU.Build.0 = Debug|Any CPU
		{34170C45-743E-4F9E-AC20-9C998EA775FA}.Debug|x64.ActiveCfg = Debug|Any CPU
		{34170C45-743E-4F9E-AC20-9C998EA775FA}.Debug|x64.Build.0 = Debug|Any CPU
		{34170C45-743E-4F9E-AC20-9C998EA775FA}.Debug|x86.ActiveCfg = Debug|Any CPU
		{34170C45-743E-4F9E-AC20-9C998EA775FA}.Debug|x86.Build.0 = Debug|Any CPU
		{34170C45-743E-4F9E-AC20-9C998EA775FA}.Release|Any CPU.ActiveCfg = Release|Any CPU
		{34170C45-743E-4F9E-AC20-9C998EA775FA}.Release|Any CPU.Build.0 = Release|Any CPU
		{34170C45-743E-4F9E-AC20-9C998EA775FA}.Release|x64.ActiveCfg = Release|Any CPU
		{34170C45-743E-4F9E-AC20-9C998EA775FA}.Release|x64.Build.0 = Release|Any CPU
		{34170C45-743E-4F9E-AC20-9C998EA775FA}.Release|x86.ActiveCfg = Release|Any CPU
		{34170C45-743E-4F9E-AC20-9C998EA775FA}.Release|x86.Build.0 = Release|Any CPU
		{2F7B7998-DC77-4109-BF57-BA6D3395D5BA}.Debug|Any CPU.ActiveCfg = Debug|Any CPU
		{2F7B7998-DC77-4109-BF57-BA6D3395D5BA}.Debug|Any CPU.Build.0 = Debug|Any CPU
		{2F7B7998-DC77-4109-BF57-BA6D3395D5BA}.Debug|x64.ActiveCfg = Debug|Any CPU
		{2F7B7998-DC77-4109-BF57-BA6D3395D5BA}.Debug|x64.Build.0 = Debug|Any CPU
		{2F7B7998-DC77-4109-BF57-BA6D3395D5BA}.Debug|x86.ActiveCfg = Debug|Any CPU
		{2F7B7998-DC77-4109-BF57-BA6D3395D5BA}.Debug|x86.Build.0 = Debug|Any CPU
		{2F7B7998-DC77-4109-BF57-BA6D3395D5BA}.Release|Any CPU.ActiveCfg = Release|Any CPU
		{2F7B7998-DC77-4109-BF57-BA6D3395D5BA}.Release|Any CPU.Build.0 = Release|Any CPU
		{2F7B7998-DC77-4109-BF57-BA6D3395D5BA}.Release|x64.ActiveCfg = Release|Any CPU
		{2F7B7998-DC77-4109-BF57-BA6D3395D5BA}.Release|x64.Build.0 = Release|Any CPU
		{2F7B7998-DC77-4109-BF57-BA6D3395D5BA}.Release|x86.ActiveCfg = Release|Any CPU
		{2F7B7998-DC77-4109-BF57-BA6D3395D5BA}.Release|x86.Build.0 = Release|Any CPU
		{8A4DB414-D97C-4D6D-918B-329F1BA7B643}.Debug|Any CPU.ActiveCfg = Debug|Any CPU
		{8A4DB414-D97C-4D6D-918B-329F1BA7B643}.Debug|Any CPU.Build.0 = Debug|Any CPU
		{8A4DB414-D97C-4D6D-918B-329F1BA7B643}.Debug|x64.ActiveCfg = Debug|Any CPU
		{8A4DB414-D97C-4D6D-918B-329F1BA7B643}.Debug|x64.Build.0 = Debug|Any CPU
		{8A4DB414-D97C-4D6D-918B-329F1BA7B643}.Debug|x86.ActiveCfg = Debug|Any CPU
		{8A4DB414-D97C-4D6D-918B-329F1BA7B643}.Debug|x86.Build.0 = Debug|Any CPU
		{8A4DB414-D97C-4D6D-918B-329F1BA7B643}.Release|Any CPU.ActiveCfg = Release|Any CPU
		{8A4DB414-D97C-4D6D-918B-329F1BA7B643}.Release|Any CPU.Build.0 = Release|Any CPU
		{8A4DB414-D97C-4D6D-918B-329F1BA7B643}.Release|x64.ActiveCfg = Release|Any CPU
		{8A4DB414-D97C-4D6D-918B-329F1BA7B643}.Release|x64.Build.0 = Release|Any CPU
		{8A4DB414-D97C-4D6D-918B-329F1BA7B643}.Release|x86.ActiveCfg = Release|Any CPU
		{8A4DB414-D97C-4D6D-918B-329F1BA7B643}.Release|x86.Build.0 = Release|Any CPU
		{C7BFA3AA-FD21-474C-89AF-C41988A1921D}.Debug|Any CPU.ActiveCfg = Debug|Any CPU
		{C7BFA3AA-FD21-474C-89AF-C41988A1921D}.Debug|Any CPU.Build.0 = Debug|Any CPU
		{C7BFA3AA-FD21-474C-89AF-C41988A1921D}.Debug|x64.ActiveCfg = Debug|Any CPU
		{C7BFA3AA-FD21-474C-89AF-C41988A1921D}.Debug|x64.Build.0 = Debug|Any CPU
		{C7BFA3AA-FD21-474C-89AF-C41988A1921D}.Debug|x86.ActiveCfg = Debug|Any CPU
		{C7BFA3AA-FD21-474C-89AF-C41988A1921D}.Debug|x86.Build.0 = Debug|Any CPU
		{C7BFA3AA-FD21-474C-89AF-C41988A1921D}.Release|Any CPU.ActiveCfg = Release|Any CPU
		{C7BFA3AA-FD21-474C-89AF-C41988A1921D}.Release|Any CPU.Build.0 = Release|Any CPU
		{C7BFA3AA-FD21-474C-89AF-C41988A1921D}.Release|x64.ActiveCfg = Release|Any CPU
		{C7BFA3AA-FD21-474C-89AF-C41988A1921D}.Release|x64.Build.0 = Release|Any CPU
		{C7BFA3AA-FD21-474C-89AF-C41988A1921D}.Release|x86.ActiveCfg = Release|Any CPU
		{C7BFA3AA-FD21-474C-89AF-C41988A1921D}.Release|x86.Build.0 = Release|Any CPU
	EndGlobalSection
	GlobalSection(SolutionProperties) = preSolution
		HideSolutionNode = FALSE
	EndGlobalSection
	GlobalSection(NestedProjects) = preSolution
		{0B96DB3E-4FBD-4D7A-8C9A-F3777A3CA334} = {740C5202-8AD2-6D86-0CA9-F95B1A2D697C}
		{B6E1A734-EB38-4626-97A9-108AFB18F605} = {740C5202-8AD2-6D86-0CA9-F95B1A2D697C}
		{5F189AA5-9D67-4B51-8708-F3074A125042} = {740C5202-8AD2-6D86-0CA9-F95B1A2D697C}
		{C5529E88-5C07-4659-B235-BDACF82627E0} = {740C5202-8AD2-6D86-0CA9-F95B1A2D697C}
		{DB4731C2-2C38-409E-AD6B-F71E0D4353A9} = {740C5202-8AD2-6D86-0CA9-F95B1A2D697C}
		{34170C45-743E-4F9E-AC20-9C998EA775FA} = {740C5202-8AD2-6D86-0CA9-F95B1A2D697C}
		{2F7B7998-DC77-4109-BF57-BA6D3395D5BA} = {740C5202-8AD2-6D86-0CA9-F95B1A2D697C}
		{8A4DB414-D97C-4D6D-918B-329F1BA7B643} = {740C5202-8AD2-6D86-0CA9-F95B1A2D697C}
		{C7BFA3AA-FD21-474C-89AF-C41988A1921D} = {740C5202-8AD2-6D86-0CA9-F95B1A2D697C}
	EndGlobalSection
	GlobalSection(ExtensibilityGlobals) = postSolution
		SolutionGuid = {BDB23719-A8B8-4F77-AA9D-EDBCB737E8B3}
	EndGlobalSection
EndGlobal
